{
  "name": "macd_cycle_analysis_project",
  "lockfileVersion": 3,
  "requires": true,
  "packages": {
    "": {
      "dependencies": {
        "tmux": "^1.0.0"
      }
    },
    "node_modules/tmux": {
      "version": "1.0.0",
      "resolved": "https://registry.npmjs.org/tmux/-/tmux-1.0.0.tgz",
      "integrity": "sha512-56dqTkuDc7jtYKDnY5aoLk4G1NRQUEFsEAyW5rXatU8/mj7ixBYFErHlubMzotEmBF/FTSmLpOvTF5/imEUkqA==",
      "deprecated": "Package no longer supported. Contact support@npmjs.com for more info.",
      "license": "ISC"
    }
  }
}
